github.com/danielfdickinson/hugoDebugTables v0.1.3/go.mod h1:Je43lYmahaQs8IQIdSO4tVkeb/HcuCA0Th4C2bxkNAY=
github.com/danielfdickinson/hugoMinimalTestTheme v0.2.0 h1:pVHb9jJES+SZQjiqRgSPVxCmE+IFqLUDWWQGmlETpek=
github.com/danielfdickinson/hugoMinimalTestTheme v0.2.0/go.mod h1:yh9NE0T1smUqltbpUym0dEc0s5N+u/rLXwdnnQlxKwE=
